Microsoft Visual Studio Solution File, Format Version 12.00
# Visual Studio Version 17
VisualStudioVersion = 17.5.2.0
MinimumVisualStudioVersion = 10.0.40219.1
Project("{FAE04EC0-301F-11D3-BF4B-00C04F79EFBC}") = "RG_3337", "RG_3337.csproj", "{58805E9A-C384-8F5A-4A66-77DA9E1CC12C}"
EndProject
Global
	GlobalSection(SolutionConfigurationPlatforms) = preSolution
		Debug|Any CPU = Debug|Any CPU
		Release|Any CPU = Release|Any CPU
	EndGlobalSection
	GlobalSection(ProjectConfigurationPlatforms) = postSolution
		{58805E9A-C384-8F5A-4A66-77DA9E1CC12C}.Debug|Any CPU.ActiveCfg = Debug|Any CPU
		{58805E9A-C384-8F5A-4A66-77DA9E1CC12C}.Debug|Any CPU.Build.0 = Debug|Any CPU
		{58805E9A-C384-8F5A-4A66-77DA9E1CC12C}.Release|Any CPU.ActiveCfg = Release|Any CPU
		{58805E9A-C384-8F5A-4A66-77DA9E1CC12C}.Release|Any CPU.Build.0 = Release|Any CPU
	EndGlobalSection
	GlobalSection(SolutionProperties) = preSolution
		HideSolutionNode = FALSE
	EndGlobalSection
	GlobalSection(ExtensibilityGlobals) = postSolution
		SolutionGuid = {862FF871-7255-4D5B-9637-E92E00F2FF38}
	EndGlobalSection
EndGlobal
